
Microsoft Visual Studio Solution File, Format Version 12.00
# Visual Studio Version 17
VisualStudioVersion = 17.14.36623.8
MinimumVisualStudioVersion = 10.0.40219.1
Project("{FAE04EC0-301F-11D3-BF4B-00C04F79EFBC}") = "PruebaTecnica", "PruebaTecnica.csproj", "{79448654-FE60-435C-96B1-435D519413ED}"
EndProject
Project("{FAE04EC0-301F-11D3-BF4B-00C04F79EFBC}") = "PruebaTecnicaTest", "..\PruebaTecnicaTest\PruebaTecnicaTest.csproj", "{3A54B0CE-C0B9-4E56-B9D9-31B30520071D}"
EndProject
Global
	GlobalSection(SolutionConfigurationPlatforms) = preSolution
		Debug|Any CPU = Debug|Any CPU
		Release|Any CPU = Release|Any CPU
	EndGlobalSection
	GlobalSection(ProjectConfigurationPlatforms) = postSolution
		{79448654-FE60-435C-96B1-435D519413ED}.Debug|Any CPU.ActiveCfg = Debug|Any CPU
		{79448654-FE60-435C-96B1-435D519413ED}.Debug|Any CPU.Build.0 = Debug|Any CPU
		{79448654-FE60-435C-96B1-435D519413ED}.Release|Any CPU.ActiveCfg = Release|Any CPU
		{79448654-FE60-435C-96B1-435D519413ED}.Release|Any CPU.Build.0 = Release|Any CPU
		{3A54B0CE-C0B9-4E56-B9D9-31B30520071D}.Debug|Any CPU.ActiveCfg = Debug|Any CPU
		{3A54B0CE-C0B9-4E56-B9D9-31B30520071D}.Debug|Any CPU.Build.0 = Debug|Any CPU
		{3A54B0CE-C0B9-4E56-B9D9-31B30520071D}.Release|Any CPU.ActiveCfg = Release|Any CPU
		{3A54B0CE-C0B9-4E56-B9D9-31B30520071D}.Release|Any CPU.Build.0 = Release|Any CPU
	EndGlobalSection
	GlobalSection(SolutionProperties) = preSolution
		HideSolutionNode = FALSE
	EndGlobalSection
	GlobalSection(ExtensibilityGlobals) = postSolution
		SolutionGuid = {BE346677-4893-40EF-BC4D-FEBB04065509}
	EndGlobalSection
EndGlobal
